
Microsoft Visual Studio Solution File, Format Version 12.00
# Visual Studio Version 17
VisualStudioVersion = 17.2.32526.322
MinimumVisualStudioVersion = 10.0.40219.1
Project("{FAE04EC0-301F-11D3-BF4B-00C04F79EFBC}") = "XtraLibrary", "XtraLibrary.csproj", "{4C1D8AAA-F229-4058-9BEF-E0041DF1F9BF}"
EndProject
Project("{2150E333-8FDC-42A3-9474-1A3956D46DE8}") = "Demo", "Demo", "{FDE6DEF1-C05B-444A-9202-BF00FBC5B5AF}"
EndProject
Project("{FAE04EC0-301F-11D3-BF4B-00C04F79EFBC}") = "XtraLibraryDemo", "Demo\XtraLibraryDemo.csproj", "{B583191E-6556-4441-89ED-5AB2F8D8F678}"
EndProject
Global
	GlobalSection(SolutionConfigurationPlatforms) = preSolution
		Debug|Any CPU = Debug|Any CPU
		Debug|Mixed Platforms = Debug|Mixed Platforms
		Debug|x86 = Debug|x86
		Release|Any CPU = Release|Any CPU
		Release|Mixed Platforms = Release|Mixed Platforms
		Release|x86 = Release|x86
	EndGlobalSection
	GlobalSection(ProjectConfigurationPlatforms) = postSolution
		{4C1D8AAA-F229-4058-9BEF-E0041DF1F9BF}.Debug|Any CPU.ActiveCfg = Debug|Any CPU
		{4C1D8AAA-F229-4058-9BEF-E0041DF1F9BF}.Debug|Any CPU.Build.0 = Debug|Any CPU
		{4C1D8AAA-F229-4058-9BEF-E0041DF1F9BF}.Debug|Mixed Platforms.ActiveCfg = Debug|Any CPU
		{4C1D8AAA-F229-4058-9BEF-E0041DF1F9BF}.Debug|Mixed Platforms.Build.0 = Debug|Any CPU
		{4C1D8AAA-F229-4058-9BEF-E0041DF1F9BF}.Debug|x86.ActiveCfg = Debug|Any CPU
		{4C1D8AAA-F229-4058-9BEF-E0041DF1F9BF}.Release|Any CPU.ActiveCfg = Release|Any CPU
		{4C1D8AAA-F229-4058-9BEF-E0041DF1F9BF}.Release|Any CPU.Build.0 = Release|Any CPU
		{4C1D8AAA-F229-4058-9BEF-E0041DF1F9BF}.Release|Mixed Platforms.ActiveCfg = Release|Any CPU
		{4C1D8AAA-F229-4058-9BEF-E0041DF1F9BF}.Release|Mixed Platforms.Build.0 = Release|Any CPU
		{4C1D8AAA-F229-4058-9BEF-E0041DF1F9BF}.Release|x86.ActiveCfg = Release|Any CPU
		{B583191E-6556-4441-89ED-5AB2F8D8F678}.Debug|Any CPU.ActiveCfg = Debug|Any CPU
		{B583191E-6556-4441-89ED-5AB2F8D8F678}.Debug|Any CPU.Build.0 = Debug|Any CPU
		{B583191E-6556-4441-89ED-5AB2F8D8F678}.Debug|Mixed Platforms.ActiveCfg = Debug|Any CPU
		{B583191E-6556-4441-89ED-5AB2F8D8F678}.Debug|Mixed Platforms.Build.0 = Debug|Any CPU
		{B583191E-6556-4441-89ED-5AB2F8D8F678}.Debug|x86.ActiveCfg = Debug|Any CPU
		{B583191E-6556-4441-89ED-5AB2F8D8F678}.Debug|x86.Build.0 = Debug|Any CPU
		{B583191E-6556-4441-89ED-5AB2F8D8F678}.Release|Any CPU.ActiveCfg = Release|Any CPU
		{B583191E-6556-4441-89ED-5AB2F8D8F678}.Release|Any CPU.Build.0 = Release|Any CPU
		{B583191E-6556-4441-89ED-5AB2F8D8F678}.Release|Mixed Platforms.ActiveCfg = Release|Any CPU
		{B583191E-6556-4441-89ED-5AB2F8D8F678}.Release|Mixed Platforms.Build.0 = Release|Any CPU
		{B583191E-6556-4441-89ED-5AB2F8D8F678}.Release|x86.ActiveCfg = Release|Any CPU
		{B583191E-6556-4441-89ED-5AB2F8D8F678}.Release|x86.Build.0 = Release|Any CPU
	EndGlobalSection
	GlobalSection(SolutionProperties) = preSolution
		HideSolutionNode = FALSE
	EndGlobalSection
	GlobalSection(NestedProjects) = preSolution
		{B583191E-6556-4441-89ED-5AB2F8D8F678} = {FDE6DEF1-C05B-444A-9202-BF00FBC5B5AF}
	EndGlobalSection
	GlobalSection(ExtensibilityGlobals) = postSolution
		SolutionGuid = {30C594AF-AC9E-4728-8F0A-2D133CF25F99}
	EndGlobalSection
EndGlobal
